
Microsoft Visual Studio Solution File, Format Version 12.00
# Visual Studio 15
VisualStudioVersion = 15.0.28010.2019
MinimumVisualStudioVersion = 10.0.40219.1
Project("{FAE04EC0-301F-11D3-BF4B-00C04F79EFBC}") = "Sinhron", "Sinhron\Sinhron.csproj", "{BF77FC84-5A1A-4B6C-9218-0EEA84A5DCE5}"
EndProject
Global
	GlobalSection(SolutionConfigurationPlatforms) = preSolution
		Debug|Any CPU = Debug|Any CPU
		Release|Any CPU = Release|Any CPU
	EndGlobalSection
	GlobalSection(ProjectConfigurationPlatforms) = postSolution
		{BF77FC84-5A1A-4B6C-9218-0EEA84A5DCE5}.Debug|Any CPU.ActiveCfg = Debug|Any CPU
		{BF77FC84-5A1A-4B6C-9218-0EEA84A5DCE5}.Debug|Any CPU.Build.0 = Debug|Any CPU
		{BF77FC84-5A1A-4B6C-9218-0EEA84A5DCE5}.Release|Any CPU.ActiveCfg = Release|Any CPU
		{BF77FC84-5A1A-4B6C-9218-0EEA84A5DCE5}.Release|Any CPU.Build.0 = Release|Any CPU
	EndGlobalSection
	GlobalSection(SolutionProperties) = preSolution
		HideSolutionNode = FALSE
	EndGlobalSection
	GlobalSection(ExtensibilityGlobals) = postSolution
		SolutionGuid = {CBA38E7E-1756-4453-BF2E-1DA398EF9B8A}
	EndGlobalSection
EndGlobal
